// !$*UTF8*$!
{
	archiveVersion = 1;
	classes = {
	};
	objectVersion = 46;
	objects = {

/* Begin PBXBuildFile section */
		162439181A697B8E00A7A049 /* HoleScore.m in Sources */ = {isa = PBXBuildFile; fileRef = 162439171A697B8E00A7A049 /* HoleScore.m */; };
		1641C9231A263D8000378BA4 /* main.m in Sources */ = {isa = PBXBuildFile; fileRef = 1641C9221A263D8000378BA4 /* main.m */; };
		1641C9261A263D8000378BA4 /* AppDelegate.m in Sources */ = {isa = PBXBuildFile; fileRef = 1641C9251A263D8000378BA4 /* AppDelegate.m */; };
		1641C9291A263D8000378BA4 /* AlbatrossGolf.xcdatamodeld in Sources */ = {isa = PBXBuildFile; fileRef = 1641C9271A263D8000378BA4 /* AlbatrossGolf.xcdatamodeld */; };
		1641C9311A263D8000378BA4 /* Images.xcassets in Resources */ = {isa = PBXBuildFile; fileRef = 1641C9301A263D8000378BA4 /* Images.xcassets */; };
		1641C9341A263D8000378BA4 /* LaunchScreen.xib in Resources */ = {isa = PBXBuildFile; fileRef = 1641C9321A263D8000378BA4 /* LaunchScreen.xib */; };
		1641C9401A263D8100378BA4 /* AlbatrossGolfTests.m in Sources */ = {isa = PBXBuildFile; fileRef = 1641C93F1A263D8100378BA4 /* AlbatrossGolfTests.m */; };
		1641C94A1A263EF400378BA4 /* Main.storyboard in Resources */ = {isa = PBXBuildFile; fileRef = 1641C9491A263EF400378BA4 /* Main.storyboard */; };
		1641C9631A263FB000378BA4 /* Course.m in Sources */ = {isa = PBXBuildFile; fileRef = 1641C9541A263FB000378BA4 /* Course.m */; };
		1641C9641A263FB000378BA4 /* CourseDAO.m in Sources */ = {isa = PBXBuildFile; fileRef = 1641C9561A263FB000378BA4 /* CourseDAO.m */; };
		1641C9651A263FB000378BA4 /* Tee.m in Sources */ = {isa = PBXBuildFile; fileRef = 1641C9581A263FB000378BA4 /* Tee.m */; };
		1641C9661A263FB000378BA4 /* TeeDAO.m in Sources */ = {isa = PBXBuildFile; fileRef = 1641C95A1A263FB000378BA4 /* TeeDAO.m */; };
		1641C9671A263FB000378BA4 /* TeeHole.m in Sources */ = {isa = PBXBuildFile; fileRef = 1641C95C1A263FB000378BA4 /* TeeHole.m */; };
		1641C9681A263FB000378BA4 /* TeeHoleDAO.m in Sources */ = {isa = PBXBuildFile; fileRef = 1641C95E1A263FB000378BA4 /* TeeHoleDAO.m */; };
		1641C9691A263FB000378BA4 /* Round.m in Sources */ = {isa = PBXBuildFile; fileRef = 1641C9601A263FB000378BA4 /* Round.m */; };
		1641C96A1A263FB000378BA4 /* RoundDAO.m in Sources */ = {isa = PBXBuildFile; fileRef = 1641C9621A263FB000378BA4 /* RoundDAO.m */; };
		1641C9831A26402400378BA4 /* RecentTeeChoiceVC.m in Sources */ = {isa = PBXBuildFile; fileRef = 1641C97A1A26402400378BA4 /* RecentTeeChoiceVC.m */; };
		1641C9841A26402400378BA4 /* CourseChoiceVC.m in Sources */ = {isa = PBXBuildFile; fileRef = 1641C97C1A26402400378BA4 /* CourseChoiceVC.m */; };
		1641C9851A26402400378BA4 /* CourseChoiceCell.m in Sources */ = {isa = PBXBuildFile; fileRef = 1641C97E1A26402400378BA4 /* CourseChoiceCell.m */; };
		1641C9861A26402400378BA4 /* TeeChoiceVC.m in Sources */ = {isa = PBXBuildFile; fileRef = 1641C9801A26402400378BA4 /* TeeChoiceVC.m */; };
		1641C9871A26402400378BA4 /* TeeChoiceCell.m in Sources */ = {isa = PBXBuildFile; fileRef = 1641C9821A26402400378BA4 /* TeeChoiceCell.m */; };
		1641C98B1A26403900378BA4 /* AddCourseVC.m in Sources */ = {isa = PBXBuildFile; fileRef = 1641C98A1A26403900378BA4 /* AddCourseVC.m */; };
		1641C9901A26404900378BA4 /* ScorecardVC.m in Sources */ = {isa = PBXBuildFile; fileRef = 1641C98D1A26404900378BA4 /* ScorecardVC.m */; };
		1641C9911A26404900378BA4 /* HoleScoreCell.m in Sources */ = {isa = PBXBuildFile; fileRef = 1641C98F1A26404900378BA4 /* HoleScoreCell.m */; };
		1641C9961A26405C00378BA4 /* HoleScoreVC.m in Sources */ = {isa = PBXBuildFile; fileRef = 1641C9941A26405C00378BA4 /* HoleScoreVC.m */; };
		1641C9971A26405C00378BA4 /* HoleScoreVC.xib in Resources */ = {isa = PBXBuildFile; fileRef = 1641C9951A26405C00378BA4 /* HoleScoreVC.xib */; };
		1641C9AB1A2641A100378BA4 /* PastRoundsVC.m in Sources */ = {isa = PBXBuildFile; fileRef = 1641C9A81A2641A100378BA4 /* PastRoundsVC.m */; };
		1641C9B31A2641AB00378BA4 /* RoundLookupVC.m in Sources */ = {isa = PBXBuildFile; fileRef = 1641C9AE1A2641AB00378BA4 /* RoundLookupVC.m */; };
		1641C9BA1A2641D000378BA4 /* MGStatsViewVC.m in Sources */ = {isa = PBXBuildFile; fileRef = 1641C9B71A2641D000378BA4 /* MGStatsViewVC.m */; };
		1641C9BB1A2641D000378BA4 /* GroupStatCell.m in Sources */ = {isa = PBXBuildFile; fileRef = 1641C9B91A2641D000378BA4 /* GroupStatCell.m */; };
		1641C9C51A2641E400378BA4 /* HorizontalSlider.m in Sources */ = {isa = PBXBuildFile; fileRef = 1641C9BE1A2641E400378BA4 /* HorizontalSlider.m */; };
		1641C9C61A2641E400378BA4 /* CustomDropDown.m in Sources */ = {isa = PBXBuildFile; fileRef = 1641C9C01A2641E400378BA4 /* CustomDropDown.m */; };
		1641C9C71A2641E400378BA4 /* CustomGameList.m in Sources */ = {isa = PBXBuildFile; fileRef = 1641C9C21A2641E400378BA4 /* CustomGameList.m */; };
		1641C9C81A2641E400378BA4 /* CustomSelectionCell.m in Sources */ = {isa = PBXBuildFile; fileRef = 1641C9C41A2641E400378BA4 /* CustomSelectionCell.m */; };
		1641C9D21A26435E00378BA4 /* GameDAO.m in Sources */ = {isa = PBXBuildFile; fileRef = 1641C9CB1A26435E00378BA4 /* GameDAO.m */; };
		1641C9D31A26435E00378BA4 /* Hole.m in Sources */ = {isa = PBXBuildFile; fileRef = 1641C9CD1A26435E00378BA4 /* Hole.m */; };
		1641C9D41A26435E00378BA4 /* HoleStatsDAO.m in Sources */ = {isa = PBXBuildFile; fileRef = 1641C9CF1A26435E00378BA4 /* HoleStatsDAO.m */; };
		1641C9D51A26435E00378BA4 /* Game.m in Sources */ = {isa = PBXBuildFile; fileRef = 1641C9D11A26435E00378BA4 /* Game.m */; };
		1641C9D71A2643AD00378BA4 /* CoreData.framework in Frameworks */ = {isa = PBXBuildFile; fileRef = 1641C9D61A2643AD00378BA4 /* CoreData.framework */; };
		1649A9741A6CA1EA00F5198D /* Scorecard.m in Sources */ = {isa = PBXBuildFile; fileRef = 1649A9731A6CA1EA00F5198D /* Scorecard.m */; };
		1649A9771A6CA2F300F5198D /* User.m in Sources */ = {isa = PBXBuildFile; fileRef = 1649A9761A6CA2F300F5198D /* User.m */; };
		168E94071A2795500065E1C4 /* RoundHole.m in Sources */ = {isa = PBXBuildFile; fileRef = 168E94061A2795500065E1C4 /* RoundHole.m */; };
		16D640BD1A6857F200443472 /* RoundLookupVC.xib in Resources */ = {isa = PBXBuildFile; fileRef = 16D640BC1A6857F200443472 /* RoundLookupVC.xib */; };
		16D640C41A6863CA00443472 /* HoleLookupCollectionViewCell.m in Sources */ = {isa = PBXBuildFile; fileRef = 16D640C21A6863CA00443472 /* HoleLookupCollectionViewCell.m */; };
		16D640C51A6863CA00443472 /* HoleLookupCollectionViewCell.xib in Resources */ = {isa = PBXBuildFile; fileRef = 16D640C31A6863CA00443472 /* HoleLookupCollectionViewCell.xib */; };
		16D640C91A686BEB00443472 /* HoleLookupTableViewCell.m in Sources */ = {isa = PBXBuildFile; fileRef = 16D640C71A686BEB00443472 /* HoleLookupTableViewCell.m */; };
		16D640CA1A686BEB00443472 /* HoleLookupTableViewCell.xib in Resources */ = {isa = PBXBuildFile; fileRef = 16D640C81A686BEB00443472 /* HoleLookupTableViewCell.xib */; };
		16D640CD1A688E3D00443472 /* LoginViewController.swift in Sources */ = {isa = PBXBuildFile; fileRef = 16D640CC1A688E3D00443472 /* LoginViewController.swift */; };
		16D640CF1A68920C00443472 /* MenuViewController.swift in Sources */ = {isa = PBXBuildFile; fileRef = 16D640CE1A68920C00443472 /* MenuViewController.swift */; };
		16D640D31A689F4A00443472 /* PastRoundsVC.xib in Resources */ = {isa = PBXBuildFile; fileRef = 16D640D11A689F4A00443472 /* PastRoundsVC.xib */; };
		16D640D81A68C0E000443472 /* PastRoundTableViewCell.swift in Sources */ = {isa = PBXBuildFile; fileRef = 16D640D61A68C0E000443472 /* PastRoundTableViewCell.swift */; };
		16D640D91A68C0E000443472 /* PastRoundTableViewCell.xib in Resources */ = {isa = PBXBuildFile; fileRef = 16D640D71A68C0E000443472 /* PastRoundTableViewCell.xib */; };
		16E723C51A6A20C0008E8FB6 /* LoadingThrobberView.swift in Sources */ = {isa = PBXBuildFile; fileRef = 16E723C41A6A20C0008E8FB6 /* LoadingThrobberView.swift */; };
		16E723C71A6A20E1008E8FB6 /* LoadingThrobberView.xib in Resources */ = {isa = PBXBuildFile; fileRef = 16E723C61A6A20E1008E8FB6 /* LoadingThrobberView.xib */; };
		16E723CE1A6A2404008E8FB6 /* HoleScoreCell.xib in Resources */ = {isa = PBXBuildFile; fileRef = 16E723CC1A6A2404008E8FB6 /* HoleScoreCell.xib */; };
		16E723D01A6A2459008E8FB6 /* ScorecardVC.xib in Resources */ = {isa = PBXBuildFile; fileRef = 16E723CF1A6A2459008E8FB6 /* ScorecardVC.xib */; };
		16FF7BED1A68E50200D885C2 /* RoundStats.m in Sources */ = {isa = PBXBuildFile; fileRef = 16FF7BEC1A68E50200D885C2 /* RoundStats.m */; };
/* End PBXBuildFile section */

/* Begin PBXContainerItemProxy section */
		1641C93A1A263D8100378BA4 /* PBXContainerItemProxy */ = {
			isa = PBXContainerItemProxy;
			containerPortal = 1641C9151A263D8000378BA4 /* Project object */;
			proxyType = 1;
			remoteGlobalIDString = 1641C91C1A263D8000378BA4;
			remoteInfo = AlbatrossGolf;
		};
/* End PBXContainerItemProxy section */

/* Begin PBXFileReference section */
		162439161A697B8E00A7A049 /* HoleScore.h */ = {isa = PBXFileReference; fileEncoding = 4; lastKnownFileType = sourcecode.c.h; path = HoleScore.h; sourceTree = "<group>"; };
		162439171A697B8E00A7A049 /* HoleScore.m */ = {isa = PBXFileReference; fileEncoding = 4; lastKnownFileType = sourcecode.c.objc; path = HoleScore.m; sourceTree = "<group>"; };
		1641C91D1A263D8000378BA4 /* AlbatrossGolf.app */ = {isa = PBXFileReference; explicitFileType = wrapper.application; includeInIndex = 0; path = AlbatrossGolf.app; sourceTree = BUILT_PRODUCTS_DIR; };
		1641C9211A263D8000378BA4 /* Info.plist */ = {isa = PBXFileReference; lastKnownFileType = text.plist.xml; path = Info.plist; sourceTree = "<group>"; };
		1641C9221A263D8000378BA4 /* main.m */ = {isa = PBXFileReference; lastKnownFileType = sourcecode.c.objc; path = main.m; sourceTree = "<group>"; };
		1641C9241A263D8000378BA4 /* AppDelegate.h */ = {isa = PBXFileReference; lastKnownFileType = sourcecode.c.h; path = AppDelegate.h; sourceTree = "<group>"; };
		1641C9251A263D8000378BA4 /* AppDelegate.m */ = {isa = PBXFileReference; lastKnownFileType = sourcecode.c.objc; path = AppDelegate.m; sourceTree = "<group>"; };
		1641C9281A263D8000378BA4 /* AlbatrossGolf.xcdatamodel */ = {isa = PBXFileReference; lastKnownFileType = wrapper.xcdatamodel; path = AlbatrossGolf.xcdatamodel; sourceTree = "<group>"; };
		1641C9301A263D8000378BA4 /* Images.xcassets */ = {isa = PBXFileReference; lastKnownFileType = folder.assetcatalog; path = Images.xcassets; sourceTree = "<group>"; };
		1641C9331A263D8000378BA4 /* Base */ = {isa = PBXFileReference; lastKnownFileType = file.xib; name = Base; path = Base.lproj/LaunchScreen.xib; sourceTree = "<group>"; };
		1641C9391A263D8100378BA4 /* AlbatrossGolfTests.xctest */ = {isa = PBXFileReference; explicitFileType = wrapper.cfbundle; includeInIndex = 0; path = AlbatrossGolfTests.xctest; sourceTree = BUILT_PRODUCTS_DIR; };
		1641C93E1A263D8100378BA4 /* Info.plist */ = {isa = PBXFileReference; lastKnownFileType = text.plist.xml; path = Info.plist; sourceTree = "<group>"; };
		1641C93F1A263D8100378BA4 /* AlbatrossGolfTests.m */ = {isa = PBXFileReference; lastKnownFileType = sourcecode.c.objc; path = AlbatrossGolfTests.m; sourceTree = "<group>"; };
		1641C9491A263EF400378BA4 /* Main.storyboard */ = {isa = PBXFileReference; fileEncoding = 4; lastKnownFileType = file.storyboard; path = Main.storyboard; sourceTree = "<group>"; };
		1641C9531A263FB000378BA4 /* Course.h */ = {isa = PBXFileReference; fileEncoding = 4; lastKnownFileType = sourcecode.c.h; path = Course.h; sourceTree = "<group>"; };
		1641C9541A263FB000378BA4 /* Course.m */ = {isa = PBXFileReference; fileEncoding = 4; lastKnownFileType = sourcecode.c.objc; path = Course.m; sourceTree = "<group>"; };
		1641C9551A263FB000378BA4 /* CourseDAO.h */ = {isa = PBXFileReference; fileEncoding = 4; lastKnownFileType = sourcecode.c.h; path = CourseDAO.h; sourceTree = "<group>"; };
		1641C9561A263FB000378BA4 /* CourseDAO.m */ = {isa = PBXFileReference; fileEncoding = 4; lastKnownFileType = sourcecode.c.objc; path = CourseDAO.m; sourceTree = "<group>"; };
		1641C9571A263FB000378BA4 /* Tee.h */ = {isa = PBXFileReference; fileEncoding = 4; lastKnownFileType = sourcecode.c.h; path = Tee.h; sourceTree = "<group>"; };
		1641C9581A263FB000378BA4 /* Tee.m */ = {isa = PBXFileReference; fileEncoding = 4; lastKnownFileType = sourcecode.c.objc; path = Tee.m; sourceTree = "<group>"; };
		1641C9591A263FB000378BA4 /* TeeDAO.h */ = {isa = PBXFileReference; fileEncoding = 4; lastKnownFileType = sourcecode.c.h; path = TeeDAO.h; sourceTree = "<group>"; };
		1641C95A1A263FB000378BA4 /* TeeDAO.m */ = {isa = PBXFileReference; fileEncoding = 4; lastKnownFileType = sourcecode.c.objc; path = TeeDAO.m; sourceTree = "<group>"; };
		1641C95B1A263FB000378BA4 /* TeeHole.h */ = {isa = PBXFileReference; fileEncoding = 4; lastKnownFileType = sourcecode.c.h; path = TeeHole.h; sourceTree = "<group>"; };
		1641C95C1A263FB000378BA4 /* TeeHole.m */ = {isa = PBXFileReference; fileEncoding = 4; lastKnownFileType = sourcecode.c.objc; path = TeeHole.m; sourceTree = "<group>"; };
		1641C95D1A263FB000378BA4 /* TeeHoleDAO.h */ = {isa = PBXFileReference; fileEncoding = 4; lastKnownFileType = sourcecode.c.h; path = TeeHoleDAO.h; sourceTree = "<group>"; };
		1641C95E1A263FB000378BA4 /* TeeHoleDAO.m */ = {isa = PBXFileReference; fileEncoding = 4; lastKnownFileType = sourcecode.c.objc; path = TeeHoleDAO.m; sourceTree = "<group>"; };
		1641C95F1A263FB000378BA4 /* Round.h */ = {isa = PBXFileReference; fileEncoding = 4; lastKnownFileType = sourcecode.c.h; path = Round.h; sourceTree = "<group>"; };
		1641C9601A263FB000378BA4 /* Round.m */ = {isa = PBXFileReference; fileEncoding = 4; lastKnownFileType = sourcecode.c.objc; path = Round.m; sourceTree = "<group>"; };
		1641C9611A263FB000378BA4 /* RoundDAO.h */ = {isa = PBXFileReference; fileEncoding = 4; lastKnownFileType = sourcecode.c.h; path = RoundDAO.h; sourceTree = "<group>"; };
		1641C9621A263FB000378BA4 /* RoundDAO.m */ = {isa = PBXFileReference; fileEncoding = 4; lastKnownFileType = sourcecode.c.objc; path = RoundDAO.m; sourceTree = "<group>"; };
		1641C9791A26402400378BA4 /* RecentTeeChoiceVC.h */ = {isa = PBXFileReference; fileEncoding = 4; lastKnownFileType = sourcecode.c.h; path = RecentTeeChoiceVC.h; sourceTree = "<group>"; };
		1641C97A1A26402400378BA4 /* RecentTeeChoiceVC.m */ = {isa = PBXFileReference; fileEncoding = 4; lastKnownFileType = sourcecode.c.objc; path = RecentTeeChoiceVC.m; sourceTree = "<group>"; };
		1641C97B1A26402400378BA4 /* CourseChoiceVC.h */ = {isa = PBXFileReference; fileEncoding = 4; lastKnownFileType = sourcecode.c.h; path = CourseChoiceVC.h; sourceTree = "<group>"; };
		1641C97C1A26402400378BA4 /* CourseChoiceVC.m */ = {isa = PBXFileReference; fileEncoding = 4; lastKnownFileType = sourcecode.c.objc; path = CourseChoiceVC.m; sourceTree = "<group>"; };
		1641C97D1A26402400378BA4 /* CourseChoiceCell.h */ = {isa = PBXFileReference; fileEncoding = 4; lastKnownFileType = sourcecode.c.h; path = CourseChoiceCell.h; sourceTree = "<group>"; };
		1641C97E1A26402400378BA4 /* CourseChoiceCell.m */ = {isa = PBXFileReference; fileEncoding = 4; lastKnownFileType = sourcecode.c.objc; path = CourseChoiceCell.m; sourceTree = "<group>"; };
		1641C97F1A26402400378BA4 /* TeeChoiceVC.h */ = {isa = PBXFileReference; fileEncoding = 4; lastKnownFileType = sourcecode.c.h; path = TeeChoiceVC.h; sourceTree = "<group>"; };
		1641C9801A26402400378BA4 /* TeeChoiceVC.m */ = {isa = PBXFileReference; fileEncoding = 4; lastKnownFileType = sourcecode.c.objc; path = TeeChoiceVC.m; sourceTree = "<group>"; };
		1641C9811A26402400378BA4 /* TeeChoiceCell.h */ = {isa = PBXFileReference; fileEncoding = 4; lastKnownFileType = sourcecode.c.h; path = TeeChoiceCell.h; sourceTree = "<group>"; };
		1641C9821A26402400378BA4 /* TeeChoiceCell.m */ = {isa = PBXFileReference; fileEncoding = 4; lastKnownFileType = sourcecode.c.objc; path = TeeChoiceCell.m; sourceTree = "<group>"; };
		1641C9891A26403900378BA4 /* AddCourseVC.h */ = {isa = PBXFileReference; fileEncoding = 4; lastKnownFileType = sourcecode.c.h; path = AddCourseVC.h; sourceTree = "<group>"; };
		1641C98A1A26403900378BA4 /* AddCourseVC.m */ = {isa = PBXFileReference; fileEncoding = 4; lastKnownFileType = sourcecode.c.objc; path = AddCourseVC.m; sourceTree = "<group>"; };
		1641C98C1A26404900378BA4 /* ScorecardVC.h */ = {isa = PBXFileReference; fileEncoding = 4; lastKnownFileType = sourcecode.c.h; path = ScorecardVC.h; sourceTree = "<group>"; };
		1641C98D1A26404900378BA4 /* ScorecardVC.m */ = {isa = PBXFileReference; fileEncoding = 4; lastKnownFileType = sourcecode.c.objc; path = ScorecardVC.m; sourceTree = "<group>"; };
		1641C98E1A26404900378BA4 /* HoleScoreCell.h */ = {isa = PBXFileReference; fileEncoding = 4; lastKnownFileType = sourcecode.c.h; path = HoleScoreCell.h; sourceTree = "<group>"; };
		1641C98F1A26404900378BA4 /* HoleScoreCell.m */ = {isa = PBXFileReference; fileEncoding = 4; lastKnownFileType = sourcecode.c.objc; path = HoleScoreCell.m; sourceTree = "<group>"; };
		1641C9931A26405C00378BA4 /* HoleScoreVC.h */ = {isa = PBXFileReference; fileEncoding = 4; lastKnownFileType = sourcecode.c.h; path = HoleScoreVC.h; sourceTree = "<group>"; };
		1641C9941A26405C00378BA4 /* HoleScoreVC.m */ = {isa = PBXFileReference; fileEncoding = 4; lastKnownFileType = sourcecode.c.objc; path = HoleScoreVC.m; sourceTree = "<group>"; };
		1641C9951A26405C00378BA4 /* HoleScoreVC.xib */ = {isa = PBXFileReference; fileEncoding = 4; lastKnownFileType = file.xib; path = HoleScoreVC.xib; sourceTree = "<group>"; };
		1641C9A71A2641A100378BA4 /* PastRoundsVC.h */ = {isa = PBXFileReference; fileEncoding = 4; lastKnownFileType = sourcecode.c.h; path = PastRoundsVC.h; sourceTree = "<group>"; };
		1641C9A81A2641A100378BA4 /* PastRoundsVC.m */ = {isa = PBXFileReference; fileEncoding = 4; lastKnownFileType = sourcecode.c.objc; path = PastRoundsVC.m; sourceTree = "<group>"; };
		1641C9AD1A2641AB00378BA4 /* RoundLookupVC.h */ = {isa = PBXFileReference; fileEncoding = 4; lastKnownFileType = sourcecode.c.h; path = RoundLookupVC.h; sourceTree = "<group>"; };
		1641C9AE1A2641AB00378BA4 /* RoundLookupVC.m */ = {isa = PBXFileReference; fileEncoding = 4; lastKnownFileType = sourcecode.c.objc; path = RoundLookupVC.m; sourceTree = "<group>"; };
		1641C9B61A2641D000378BA4 /* MGStatsViewVC.h */ = {isa = PBXFileReference; fileEncoding = 4; lastKnownFileType = sourcecode.c.h; path = MGStatsViewVC.h; sourceTree = "<group>"; };
		1641C9B71A2641D000378BA4 /* MGStatsViewVC.m */ = {isa = PBXFileReference; fileEncoding = 4; lastKnownFileType = sourcecode.c.objc; path = MGStatsViewVC.m; sourceTree = "<group>"; };
		1641C9B81A2641D000378BA4 /* GroupStatCell.h */ = {isa = PBXFileReference; fileEncoding = 4; lastKnownFileType = sourcecode.c.h; path = GroupStatCell.h; sourceTree = "<group>"; };
		1641C9B91A2641D000378BA4 /* GroupStatCell.m */ = {isa = PBXFileReference; fileEncoding = 4; lastKnownFileType = sourcecode.c.objc; path = GroupStatCell.m; sourceTree = "<group>"; };
		1641C9BD1A2641E400378BA4 /* HorizontalSlider.h */ = {isa = PBXFileReference; fileEncoding = 4; lastKnownFileType = sourcecode.c.h; path = HorizontalSlider.h; sourceTree = "<group>"; };
		1641C9BE1A2641E400378BA4 /* HorizontalSlider.m */ = {isa = PBXFileReference; fileEncoding = 4; lastKnownFileType = sourcecode.c.objc; path = HorizontalSlider.m; sourceTree = "<group>"; };
		1641C9BF1A2641E400378BA4 /* CustomDropDown.h */ = {isa = PBXFileReference; fileEncoding = 4; lastKnownFileType = sourcecode.c.h; path = CustomDropDown.h; sourceTree = "<group>"; };
		1641C9C01A2641E400378BA4 /* CustomDropDown.m */ = {isa = PBXFileReference; fileEncoding = 4; lastKnownFileType = sourcecode.c.objc; path = CustomDropDown.m; sourceTree = "<group>"; };
		1641C9C11A2641E400378BA4 /* CustomGameList.h */ = {isa = PBXFileReference; fileEncoding = 4; lastKnownFileType = sourcecode.c.h; path = CustomGameList.h; sourceTree = "<group>"; };
		1641C9C21A2641E400378BA4 /* CustomGameList.m */ = {isa = PBXFileReference; fileEncoding = 4; lastKnownFileType = sourcecode.c.objc; path = CustomGameList.m; sourceTree = "<group>"; };
		1641C9C31A2641E400378BA4 /* CustomSelectionCell.h */ = {isa = PBXFileReference; fileEncoding = 4; lastKnownFileType = sourcecode.c.h; path = CustomSelectionCell.h; sourceTree = "<group>"; };
		1641C9C41A2641E400378BA4 /* CustomSelectionCell.m */ = {isa = PBXFileReference; fileEncoding = 4; lastKnownFileType = sourcecode.c.objc; path = CustomSelectionCell.m; sourceTree = "<group>"; };
		1641C9CA1A26435E00378BA4 /* GameDAO.h */ = {isa = PBXFileReference; fileEncoding = 4; lastKnownFileType = sourcecode.c.h; path = GameDAO.h; sourceTree = "<group>"; };
		1641C9CB1A26435E00378BA4 /* GameDAO.m */ = {isa = PBXFileReference; fileEncoding = 4; lastKnownFileType = sourcecode.c.objc; path = GameDAO.m; sourceTree = "<group>"; };
		1641C9CC1A26435E00378BA4 /* Hole.h */ = {isa = PBXFileReference; fileEncoding = 4; lastKnownFileType = sourcecode.c.h; path = Hole.h; sourceTree = "<group>"; };
		1641C9CD1A26435E00378BA4 /* Hole.m */ = {isa = PBXFileReference; fileEncoding = 4; lastKnownFileType = sourcecode.c.objc; path = Hole.m; sourceTree = "<group>"; };
		1641C9CE1A26435E00378BA4 /* HoleStatsDAO.h */ = {isa = PBXFileReference; fileEncoding = 4; lastKnownFileType = sourcecode.c.h; path = HoleStatsDAO.h; sourceTree = "<group>"; };
		1641C9CF1A26435E00378BA4 /* HoleStatsDAO.m */ = {isa = PBXFileReference; fileEncoding = 4; lastKnownFileType = sourcecode.c.objc; path = HoleStatsDAO.m; sourceTree = "<group>"; };
		1641C9D01A26435E00378BA4 /* Game.h */ = {isa = PBXFileReference; fileEncoding = 4; lastKnownFileType = sourcecode.c.h; path = Game.h; sourceTree = "<group>"; };
		1641C9D11A26435E00378BA4 /* Game.m */ = {isa = PBXFileReference; fileEncoding = 4; lastKnownFileType = sourcecode.c.objc; path = Game.m; sourceTree = "<group>"; };
		1641C9D61A2643AD00378BA4 /* CoreData.framework */ = {isa = PBXFileReference; lastKnownFileType = wrapper.framework; name = CoreData.framework; path = System/Library/Frameworks/CoreData.framework; sourceTree = SDKROOT; };
		1649A9721A6CA1EA00F5198D /* Scorecard.h */ = {isa = PBXFileReference; fileEncoding = 4; lastKnownFileType = sourcecode.c.h; path = Scorecard.h; sourceTree = "<group>"; };
		1649A9731A6CA1EA00F5198D /* Scorecard.m */ = {isa = PBXFileReference; fileEncoding = 4; lastKnownFileType = sourcecode.c.objc; path = Scorecard.m; sourceTree = "<group>"; };
		1649A9751A6CA2F300F5198D /* User.h */ = {isa = PBXFileReference; fileEncoding = 4; lastKnownFileType = sourcecode.c.h; path = User.h; sourceTree = "<group>"; };
		1649A9761A6CA2F300F5198D /* User.m */ = {isa = PBXFileReference; fileEncoding = 4; lastKnownFileType = sourcecode.c.objc; path = User.m; sourceTree = "<group>"; };
		168E94051A2795500065E1C4 /* RoundHole.h */ = {isa = PBXFileReference; fileEncoding = 4; lastKnownFileType = sourcecode.c.h; path = RoundHole.h; sourceTree = "<group>"; };
		168E94061A2795500065E1C4 /* RoundHole.m */ = {isa = PBXFileReference; fileEncoding = 4; lastKnownFileType = sourcecode.c.objc; path = RoundHole.m; sourceTree = "<group>"; };
		16D640BC1A6857F200443472 /* RoundLookupVC.xib */ = {isa = PBXFileReference; fileEncoding = 4; lastKnownFileType = file.xib; path = RoundLookupVC.xib; sourceTree = "<group>"; };
		16D640C11A6863CA00443472 /* HoleLookupCollectionViewCell.h */ = {isa = PBXFileReference; fileEncoding = 4; lastKnownFileType = sourcecode.c.h; path = HoleLookupCollectionViewCell.h; sourceTree = "<group>"; };
		16D640C21A6863CA00443472 /* HoleLookupCollectionViewCell.m */ = {isa = PBXFileReference; fileEncoding = 4; lastKnownFileType = sourcecode.c.objc; path = HoleLookupCollectionViewCell.m; sourceTree = "<group>"; };
		16D640C31A6863CA00443472 /* HoleLookupCollectionViewCell.xib */ = {isa = PBXFileReference; fileEncoding = 4; lastKnownFileType = file.xib; path = HoleLookupCollectionViewCell.xib; sourceTree = "<group>"; };
		16D640C61A686BEB00443472 /* HoleLookupTableViewCell.h */ = {isa = PBXFileReference; fileEncoding = 4; lastKnownFileType = sourcecode.c.h; path = HoleLookupTableViewCell.h; sourceTree = "<group>"; };
		16D640C71A686BEB00443472 /* HoleLookupTableViewCell.m */ = {isa = PBXFileReference; fileEncoding = 4; lastKnownFileType = sourcecode.c.objc; path = HoleLookupTableViewCell.m; sourceTree = "<group>"; };
		16D640C81A686BEB00443472 /* HoleLookupTableViewCell.xib */ = {isa = PBXFileReference; fileEncoding = 4; lastKnownFileType = file.xib; path = HoleLookupTableViewCell.xib; sourceTree = "<group>"; };
		16D640CB1A688E3C00443472 /* AlbatrossGolf-Bridging-Header.h */ = {isa = PBXFileReference; lastKnownFileType = sourcecode.c.h; path = "AlbatrossGolf-Bridging-Header.h"; sourceTree = "<group>"; };
		16D640CC1A688E3D00443472 /* LoginViewController.swift */ = {isa = PBXFileReference; fileEncoding = 4; lastKnownFileType = sourcecode.swift; path = LoginViewController.swift; sourceTree = "<group>"; };
		16D640CE1A68920C00443472 /* MenuViewController.swift */ = {isa = PBXFileReference; fileEncoding = 4; lastKnownFileType = sourcecode.swift; path = MenuViewController.swift; sourceTree = "<group>"; };
		16D640D11A689F4A00443472 /* PastRoundsVC.xib */ = {isa = PBXFileReference; fileEncoding = 4; lastKnownFileType = file.xib; path = PastRoundsVC.xib; sourceTree = "<group>"; };
		16D640D61A68C0E000443472 /* PastRoundTableViewCell.swift */ = {isa = PBXFileReference; fileEncoding = 4; lastKnownFileType = sourcecode.swift; path = PastRoundTableViewCell.swift; sourceTree = "<group>"; };
		16D640D71A68C0E000443472 /* PastRoundTableViewCell.xib */ = {isa = PBXFileReference; fileEncoding = 4; lastKnownFileType = file.xib; path = PastRoundTableViewCell.xib; sourceTree = "<group>"; };
		16E723C41A6A20C0008E8FB6 /* LoadingThrobberView.swift */ = {isa = PBXFileReference; fileEncoding = 4; lastKnownFileType = sourcecode.swift; path = LoadingThrobberView.swift; sourceTree = "<group>"; };
		16E723C61A6A20E1008E8FB6 /* LoadingThrobberView.xib */ = {isa = PBXFileReference; fileEncoding = 4; lastKnownFileType = file.xib; path = LoadingThrobberView.xib; sourceTree = "<group>"; };
		16E723CC1A6A2404008E8FB6 /* HoleScoreCell.xib */ = {isa = PBXFileReference; fileEncoding = 4; lastKnownFileType = file.xib; path = HoleScoreCell.xib; sourceTree = "<group>"; };
		16E723CF1A6A2459008E8FB6 /* ScorecardVC.xib */ = {isa = PBXFileReference; fileEncoding = 4; lastKnownFileType = file.xib; path = ScorecardVC.xib; sourceTree = "<group>"; };
		16FF7BEB1A68E50200D885C2 /* RoundStats.h */ = {isa = PBXFileReference; fileEncoding = 4; lastKnownFileType = sourcecode.c.h; path = RoundStats.h; sourceTree = "<group>"; };
		16FF7BEC1A68E50200D885C2 /* RoundStats.m */ = {isa = PBXFileReference; fileEncoding = 4; lastKnownFileType = sourcecode.c.objc; path = RoundStats.m; sourceTree = "<group>"; };
/* End PBXFileReference section */

/* Begin PBXFrameworksBuildPhase section */
		1641C91A1A263D8000378BA4 /* Frameworks */ = {
			isa = PBXFrameworksBuildPhase;
			buildActionMask = 2147483647;
			files = (
				1641C9D71A2643AD00378BA4 /* CoreData.framework in Frameworks */,
			);
			runOnlyForDeploymentPostprocessing = 0;
		};
		1641C9361A263D8100378BA4 /* Frameworks */ = {
			isa = PBXFrameworksBuildPhase;
			buildActionMask = 2147483647;
			files = (
			);
			runOnlyForDeploymentPostprocessing = 0;
		};
/* End PBXFrameworksBuildPhase section */

/* Begin PBXGroup section */
		1641C9141A263D8000378BA4 = {
			isa = PBXGroup;
			children = (
				1641C9D61A2643AD00378BA4 /* CoreData.framework */,
				1641C91F1A263D8000378BA4 /* AlbatrossGolf */,
				1641C93C1A263D8100378BA4 /* AlbatrossGolfTests */,
				1641C91E1A263D8000378BA4 /* Products */,
			);
			sourceTree = "<group>";
		};
		1641C91E1A263D8000378BA4 /* Products */ = {
			isa = PBXGroup;
			children = (
				1641C91D1A263D8000378BA4 /* AlbatrossGolf.app */,
				1641C9391A263D8100378BA4 /* AlbatrossGolfTests.xctest */,
			);
			name = Products;
			sourceTree = "<group>";
		};
		1641C91F1A263D8000378BA4 /* AlbatrossGolf */ = {
			isa = PBXGroup;
			children = (
				1641C9521A263F9700378BA4 /* objects */,
				1641C94B1A263F1A00378BA4 /* main */,
				1641C96B1A263FE700378BA4 /* scorecard */,
				1641C9981A2640F000378BA4 /* past rounds */,
				1641C9991A26410400378BA4 /* multiple round stats */,
				1641C9201A263D8000378BA4 /* Supporting Files */,
			);
			path = AlbatrossGolf;
			sourceTree = "<group>";
		};
		1641C9201A263D8000378BA4 /* Supporting Files */ = {
			isa = PBXGroup;
			children = (
				1641C9211A263D8000378BA4 /* Info.plist */,
				1641C9221A263D8000378BA4 /* main.m */,
			);
			name = "Supporting Files";
			sourceTree = "<group>";
		};
		1641C93C1A263D8100378BA4 /* AlbatrossGolfTests */ = {
			isa = PBXGroup;
			children = (
				1641C93F1A263D8100378BA4 /* AlbatrossGolfTests.m */,
				1641C93D1A263D8100378BA4 /* Supporting Files */,
			);
			path = AlbatrossGolfTests;
			sourceTree = "<group>";
		};
		1641C93D1A263D8100378BA4 /* Supporting Files */ = {
			isa = PBXGroup;
			children = (
				1641C93E1A263D8100378BA4 /* Info.plist */,
			);
			name = "Supporting Files";
			sourceTree = "<group>";
		};
		1641C94B1A263F1A00378BA4 /* main */ = {
			isa = PBXGroup;
			children = (
				1641C9301A263D8000378BA4 /* Images.xcassets */,
				1641C9321A263D8000378BA4 /* LaunchScreen.xib */,
				1641C9271A263D8000378BA4 /* AlbatrossGolf.xcdatamodeld */,
				1641C9241A263D8000378BA4 /* AppDelegate.h */,
				1641C9251A263D8000378BA4 /* AppDelegate.m */,
				1641C9491A263EF400378BA4 /* Main.storyboard */,
				16D640CC1A688E3D00443472 /* LoginViewController.swift */,
				16D640CE1A68920C00443472 /* MenuViewController.swift */,
				16E723C41A6A20C0008E8FB6 /* LoadingThrobberView.swift */,
				16E723C61A6A20E1008E8FB6 /* LoadingThrobberView.xib */,
				16D640CB1A688E3C00443472 /* AlbatrossGolf-Bridging-Header.h */,
			);
			name = main;
			sourceTree = "<group>";
		};
		1641C9521A263F9700378BA4 /* objects */ = {
			isa = PBXGroup;
			children = (
				16FB796C1A6ABE7B008F2277 /* models */,
				16FB796D1A6ABE82008F2277 /* DAOs */,
				1641C9C91A26433400378BA4 /* deprecated */,
			);
			name = objects;
			sourceTree = "<group>";
		};
		1641C96B1A263FE700378BA4 /* scorecard */ = {
			isa = PBXGroup;
			children = (
				1641C9791A26402400378BA4 /* RecentTeeChoiceVC.h */,
				1641C97A1A26402400378BA4 /* RecentTeeChoiceVC.m */,
				1641C97B1A26402400378BA4 /* CourseChoiceVC.h */,
				1641C97C1A26402400378BA4 /* CourseChoiceVC.m */,
				1641C97D1A26402400378BA4 /* CourseChoiceCell.h */,
				1641C97E1A26402400378BA4 /* CourseChoiceCell.m */,
				1641C97F1A26402400378BA4 /* TeeChoiceVC.h */,
				1641C9801A26402400378BA4 /* TeeChoiceVC.m */,
				1641C9811A26402400378BA4 /* TeeChoiceCell.h */,
				1641C9821A26402400378BA4 /* TeeChoiceCell.m */,
				1641C9881A26402A00378BA4 /* manage courses */,
				1641C98C1A26404900378BA4 /* ScorecardVC.h */,
				1641C98D1A26404900378BA4 /* ScorecardVC.m */,
				16E723CF1A6A2459008E8FB6 /* ScorecardVC.xib */,
				1641C98E1A26404900378BA4 /* HoleScoreCell.h */,
				1641C98F1A26404900378BA4 /* HoleScoreCell.m */,
				16E723CC1A6A2404008E8FB6 /* HoleScoreCell.xib */,
				1641C9921A26404D00378BA4 /* hole score */,
			);
			name = scorecard;
			sourceTree = "<group>";
		};
		1641C9881A26402A00378BA4 /* manage courses */ = {
			isa = PBXGroup;
			children = (
				1641C9891A26403900378BA4 /* AddCourseVC.h */,
				1641C98A1A26403900378BA4 /* AddCourseVC.m */,
			);
			name = "manage courses";
			sourceTree = "<group>";
		};
		1641C9921A26404D00378BA4 /* hole score */ = {
			isa = PBXGroup;
			children = (
				1641C9931A26405C00378BA4 /* HoleScoreVC.h */,
				1641C9941A26405C00378BA4 /* HoleScoreVC.m */,
				1641C9951A26405C00378BA4 /* HoleScoreVC.xib */,
			);
			name = "hole score";
			sourceTree = "<group>";
		};
		1641C9981A2640F000378BA4 /* past rounds */ = {
			isa = PBXGroup;
			children = (
				1641C9A51A26417E00378BA4 /* past rounds */,
				1641C9A61A26418400378BA4 /* round lookup */,
			);
			name = "past rounds";
			sourceTree = "<group>";
		};
		1641C9991A26410400378BA4 /* multiple round stats */ = {
			isa = PBXGroup;
			children = (
				1641C9B61A2641D000378BA4 /* MGStatsViewVC.h */,
				1641C9B71A2641D000378BA4 /* MGStatsViewVC.m */,
				1641C9B81A2641D000378BA4 /* GroupStatCell.h */,
				1641C9B91A2641D000378BA4 /* GroupStatCell.m */,
				1641C9BC1A2641D600378BA4 /* sliding stats view */,
			);
			name = "multiple round stats";
			sourceTree = "<group>";
		};
		1641C9A51A26417E00378BA4 /* past rounds */ = {
			isa = PBXGroup;
			children = (
				1641C9A71A2641A100378BA4 /* PastRoundsVC.h */,
				1641C9A81A2641A100378BA4 /* PastRoundsVC.m */,
				16D640D11A689F4A00443472 /* PastRoundsVC.xib */,
				16D640D61A68C0E000443472 /* PastRoundTableViewCell.swift */,
				16D640D71A68C0E000443472 /* PastRoundTableViewCell.xib */,
			);
			name = "past rounds";
			sourceTree = "<group>";
		};
		1641C9A61A26418400378BA4 /* round lookup */ = {
			isa = PBXGroup;
			children = (
				1641C9AD1A2641AB00378BA4 /* RoundLookupVC.h */,
				1641C9AE1A2641AB00378BA4 /* RoundLookupVC.m */,
				16D640BC1A6857F200443472 /* RoundLookupVC.xib */,
				16D640C11A6863CA00443472 /* HoleLookupCollectionViewCell.h */,
				16D640C21A6863CA00443472 /* HoleLookupCollectionViewCell.m */,
				16D640C31A6863CA00443472 /* HoleLookupCollectionViewCell.xib */,
				16D640C61A686BEB00443472 /* HoleLookupTableViewCell.h */,
				16D640C71A686BEB00443472 /* HoleLookupTableViewCell.m */,
				16D640C81A686BEB00443472 /* HoleLookupTableViewCell.xib */,
			);
			name = "round lookup";
			sourceTree = "<group>";
		};
		1641C9BC1A2641D600378BA4 /* sliding stats view */ = {
			isa = PBXGroup;
			children = (
				1641C9BD1A2641E400378BA4 /* HorizontalSlider.h */,
				1641C9BE1A2641E400378BA4 /* HorizontalSlider.m */,
				1641C9BF1A2641E400378BA4 /* CustomDropDown.h */,
				1641C9C01A2641E400378BA4 /* CustomDropDown.m */,
				1641C9C11A2641E400378BA4 /* CustomGameList.h */,
				1641C9C21A2641E400378BA4 /* CustomGameList.m */,
				1641C9C31A2641E400378BA4 /* CustomSelectionCell.h */,
				1641C9C41A2641E400378BA4 /* CustomSelectionCell.m */,
			);
			name = "sliding stats view";
			sourceTree = "<group>";
		};
		1641C9C91A26433400378BA4 /* deprecated */ = {
			isa = PBXGroup;
			children = (
				1641C9CA1A26435E00378BA4 /* GameDAO.h */,
				1641C9CB1A26435E00378BA4 /* GameDAO.m */,
				1641C9CC1A26435E00378BA4 /* Hole.h */,
				1641C9CD1A26435E00378BA4 /* Hole.m */,
				1641C9CE1A26435E00378BA4 /* HoleStatsDAO.h */,
				1641C9CF1A26435E00378BA4 /* HoleStatsDAO.m */,
				1641C9D01A26435E00378BA4 /* Game.h */,
				1641C9D11A26435E00378BA4 /* Game.m */,
			);
			name = deprecated;
			sourceTree = "<group>";
		};
		16FB796C1A6ABE7B008F2277 /* models */ = {
			isa = PBXGroup;
			children = (
				1649A9751A6CA2F300F5198D /* User.h */,
				1649A9761A6CA2F300F5198D /* User.m */,
				1641C9531A263FB000378BA4 /* Course.h */,
				1641C9541A263FB000378BA4 /* Course.m */,
				1641C9571A263FB000378BA4 /* Tee.h */,
				1641C9581A263FB000378BA4 /* Tee.m */,
				1641C95B1A263FB000378BA4 /* TeeHole.h */,
				1641C95C1A263FB000378BA4 /* TeeHole.m */,
				1641C95F1A263FB000378BA4 /* Round.h */,
				1641C9601A263FB000378BA4 /* Round.m */,
				168E94051A2795500065E1C4 /* RoundHole.h */,
				168E94061A2795500065E1C4 /* RoundHole.m */,
				16FF7BEB1A68E50200D885C2 /* RoundStats.h */,
				16FF7BEC1A68E50200D885C2 /* RoundStats.m */,
				162439161A697B8E00A7A049 /* HoleScore.h */,
				162439171A697B8E00A7A049 /* HoleScore.m */,
				1649A9721A6CA1EA00F5198D /* Scorecard.h */,
				1649A9731A6CA1EA00F5198D /* Scorecard.m */,
			);
			name = models;
			sourceTree = "<group>";
		};
		16FB796D1A6ABE82008F2277 /* DAOs */ = {
			isa = PBXGroup;
			children = (
				1641C9551A263FB000378BA4 /* CourseDAO.h */,
				1641C9561A263FB000378BA4 /* CourseDAO.m */,
				1641C9591A263FB000378BA4 /* TeeDAO.h */,
				1641C95A1A263FB000378BA4 /* TeeDAO.m */,
				1641C95D1A263FB000378BA4 /* TeeHoleDAO.h */,
				1641C95E1A263FB000378BA4 /* TeeHoleDAO.m */,
				1641C9611A263FB000378BA4 /* RoundDAO.h */,
				1641C9621A263FB000378BA4 /* RoundDAO.m */,
			);
			name = DAOs;
			sourceTree = "<group>";
		};
/* End PBXGroup section */

/* Begin PBXNativeTarget section */
		1641C91C1A263D8000378BA4 /* AlbatrossGolf */ = {
			isa = PBXNativeTarget;
			buildConfigurationList = 1641C9431A263D8100378BA4 /* Build configuration list for PBXNativeTarget "AlbatrossGolf" */;
			buildPhases = (
				1641C9191A263D8000378BA4 /* Sources */,
				1641C91A1A263D8000378BA4 /* Frameworks */,
				1641C91B1A263D8000378BA4 /* Resources */,
			);
			buildRules = (
			);
			dependencies = (
			);
			name = AlbatrossGolf;
			productName = AlbatrossGolf;
			productReference = 1641C91D1A263D8000378BA4 /* AlbatrossGolf.app */;
			productType = "com.apple.product-type.application";
		};
		1641C9381A263D8100378BA4 /* AlbatrossGolfTests */ = {
			isa = PBXNativeTarget;
			buildConfigurationList = 1641C9461A263D8100378BA4 /* Build configuration list for PBXNativeTarget "AlbatrossGolfTests" */;
			buildPhases = (
				1641C9351A263D8100378BA4 /* Sources */,
				1641C9361A263D8100378BA4 /* Frameworks */,
				1641C9371A263D8100378BA4 /* Resources */,
			);
			buildRules = (
			);
			dependencies = (
				1641C93B1A263D8100378BA4 /* PBXTargetDependency */,
			);
			name = AlbatrossGolfTests;
			productName = AlbatrossGolfTests;
			productReference = 1641C9391A263D8100378BA4 /* AlbatrossGolfTests.xctest */;
			productType = "com.apple.product-type.bundle.unit-test";
		};
/* End PBXNativeTarget section */

/* Begin PBXProject section */
		1641C9151A263D8000378BA4 /* Project object */ = {
			isa = PBXProject;
			attributes = {
				LastUpgradeCheck = 0610;
				ORGANIZATIONNAME = jacobSanchez;
				TargetAttributes = {
					1641C91C1A263D8000378BA4 = {
						CreatedOnToolsVersion = 6.1;
					};
					1641C9381A263D8100378BA4 = {
						CreatedOnToolsVersion = 6.1;
						TestTargetID = 1641C91C1A263D8000378BA4;
					};
				};
			};
			buildConfigurationList = 1641C9181A263D8000378BA4 /* Build configuration list for PBXProject "AlbatrossGolf" */;
			compatibilityVersion = "Xcode 3.2";
			developmentRegion = English;
			hasScannedForEncodings = 0;
			knownRegions = (
				en,
				Base,
			);
			mainGroup = 1641C9141A263D8000378BA4;
			productRefGroup = 1641C91E1A263D8000378BA4 /* Products */;
			projectDirPath = "";
			projectRoot = "";
			targets = (
				1641C91C1A263D8000378BA4 /* AlbatrossGolf */,
				1641C9381A263D8100378BA4 /* AlbatrossGolfTests */,
			);
		};
/* End PBXProject section */

/* Begin PBXResourcesBuildPhase section */
		1641C91B1A263D8000378BA4 /* Resources */ = {
			isa = PBXResourcesBuildPhase;
			buildActionMask = 2147483647;
			files = (
				16D640CA1A686BEB00443472 /* HoleLookupTableViewCell.xib in Resources */,
				16D640D91A68C0E000443472 /* PastRoundTableViewCell.xib in Resources */,
				1641C94A1A263EF400378BA4 /* Main.storyboard in Resources */,
				16E723D01A6A2459008E8FB6 /* ScorecardVC.xib in Resources */,
				16E723CE1A6A2404008E8FB6 /* HoleScoreCell.xib in Resources */,
				1641C9341A263D8000378BA4 /* LaunchScreen.xib in Resources */,
				16D640BD1A6857F200443472 /* RoundLookupVC.xib in Resources */,
				16E723C71A6A20E1008E8FB6 /* LoadingThrobberView.xib in Resources */,
				16D640C51A6863CA00443472 /* HoleLookupCollectionViewCell.xib in Resources */,
				1641C9971A26405C00378BA4 /* HoleScoreVC.xib in Resources */,
				1641C9311A263D8000378BA4 /* Images.xcassets in Resources */,
				16D640D31A689F4A00443472 /* PastRoundsVC.xib in Resources */,
			);
			runOnlyForDeploymentPostprocessing = 0;
		};
		1641C9371A263D8100378BA4 /* Resources */ = {
			isa = PBXResourcesBuildPhase;
			buildActionMask = 2147483647;
			files = (
			);
			runOnlyForDeploymentPostprocessing = 0;
		};
/* End PBXResourcesBuildPhase section */

/* Begin PBXSourcesBuildPhase section */
		1641C9191A263D8000378BA4 /* Sources */ = {
			isa = PBXSourcesBuildPhase;
			buildActionMask = 2147483647;
			files = (
				1641C9BA1A2641D000378BA4 /* MGStatsViewVC.m in Sources */,
				1641C9841A26402400378BA4 /* CourseChoiceVC.m in Sources */,
				1641C9D21A26435E00378BA4 /* GameDAO.m in Sources */,
				1641C9261A263D8000378BA4 /* AppDelegate.m in Sources */,
				16D640C91A686BEB00443472 /* HoleLookupTableViewCell.m in Sources */,
				1641C9291A263D8000378BA4 /* AlbatrossGolf.xcdatamodeld in Sources */,
				1641C9BB1A2641D000378BA4 /* GroupStatCell.m in Sources */,
				1641C9D41A26435E00378BA4 /* HoleStatsDAO.m in Sources */,
				1641C9871A26402400378BA4 /* TeeChoiceCell.m in Sources */,
				1641C9641A263FB000378BA4 /* CourseDAO.m in Sources */,
				16D640D81A68C0E000443472 /* PastRoundTableViewCell.swift in Sources */,
				1641C9D51A26435E00378BA4 /* Game.m in Sources */,
				1641C96A1A263FB000378BA4 /* RoundDAO.m in Sources */,
				1641C9C81A2641E400378BA4 /* CustomSelectionCell.m in Sources */,
				1641C9631A263FB000378BA4 /* Course.m in Sources */,
				16E723C51A6A20C0008E8FB6 /* LoadingThrobberView.swift in Sources */,
				1641C98B1A26403900378BA4 /* AddCourseVC.m in Sources */,
				1641C9691A263FB000378BA4 /* Round.m in Sources */,
				1641C9681A263FB000378BA4 /* TeeHoleDAO.m in Sources */,
				1641C9961A26405C00378BA4 /* HoleScoreVC.m in Sources */,
				1641C9C71A2641E400378BA4 /* CustomGameList.m in Sources */,
				1641C9D31A26435E00378BA4 /* Hole.m in Sources */,
				1649A9741A6CA1EA00F5198D /* Scorecard.m in Sources */,
				1641C9911A26404900378BA4 /* HoleScoreCell.m in Sources */,
				1641C9901A26404900378BA4 /* ScorecardVC.m in Sources */,
				1641C9851A26402400378BA4 /* CourseChoiceCell.m in Sources */,
				16FF7BED1A68E50200D885C2 /* RoundStats.m in Sources */,
				1641C9B31A2641AB00378BA4 /* RoundLookupVC.m in Sources */,
				1641C9C51A2641E400378BA4 /* HorizontalSlider.m in Sources */,
				16D640CD1A688E3D00443472 /* LoginViewController.swift in Sources */,
				162439181A697B8E00A7A049 /* HoleScore.m in Sources */,
				1641C9C61A2641E400378BA4 /* CustomDropDown.m in Sources */,
				16D640C41A6863CA00443472 /* HoleLookupCollectionViewCell.m in Sources */,
				168E94071A2795500065E1C4 /* RoundHole.m in Sources */,
				16D640CF1A68920C00443472 /* MenuViewController.swift in Sources */,
				1641C9671A263FB000378BA4 /* TeeHole.m in Sources */,
				1641C9AB1A2641A100378BA4 /* PastRoundsVC.m in Sources */,
				1641C9861A26402400378BA4 /* TeeChoiceVC.m in Sources */,
				1641C9661A263FB000378BA4 /* TeeDAO.m in Sources */,
				1641C9831A26402400378BA4 /* RecentTeeChoiceVC.m in Sources */,
				1641C9651A263FB000378BA4 /* Tee.m in Sources */,
				1649A9771A6CA2F300F5198D /* User.m in Sources */,
				1641C9231A263D8000378BA4 /* main.m in Sources */,
			);
			runOnlyForDeploymentPostprocessing = 0;
		};
		1641C9351A263D8100378BA4 /* Sources */ = {
			isa = PBXSourcesBuildPhase;
			buildActionMask = 2147483647;
			files = (
				1641C9401A263D8100378BA4 /* AlbatrossGolfTests.m in Sources */,
			);
			runOnlyForDeploymentPostprocessing = 0;
		};
/* End PBXSourcesBuildPhase section */

/* Begin PBXTargetDependency section */
		1641C93B1A263D8100378BA4 /* PBXTargetDependency */ = {
			isa = PBXTargetDependency;
			target = 1641C91C1A263D8000378BA4 /* AlbatrossGolf */;
			targetProxy = 1641C93A1A263D8100378BA4 /* PBXContainerItemProxy */;
		};
/* End PBXTargetDependency section */

/* Begin PBXVariantGroup section */
		1641C9321A263D8000378BA4 /* LaunchScreen.xib */ = {
			isa = PBXVariantGroup;
			children = (
				1641C9331A263D8000378BA4 /* Base */,
			);
			name = LaunchScreen.xib;
			sourceTree = "<group>";
		};
/* End PBXVariantGroup section */

/* Begin XCBuildConfiguration section */
		1641C9411A263D8100378BA4 /* Debug */ = {
			isa = XCBuildConfiguration;
			buildSettings = {
				ALWAYS_SEARCH_USER_PATHS = NO;
				CLANG_CXX_LANGUAGE_STANDARD = "gnu++0x";
				CLANG_CXX_LIBRARY = "libc++";
				CLANG_ENABLE_MODULES = YES;
				CLANG_ENABLE_OBJC_ARC = YES;
				CLANG_WARN_BOOL_CONVERSION = YES;
				CLANG_WARN_CONSTANT_CONVERSION = YES;
				CLANG_WARN_DIRECT_OBJC_ISA_USAGE = YES_ERROR;
				CLANG_WARN_EMPTY_BODY = YES;
				CLANG_WARN_ENUM_CONVERSION = YES;
				CLANG_WARN_INT_CONVERSION = YES;
				CLANG_WARN_OBJC_ROOT_CLASS = YES_ERROR;
				CLANG_WARN_UNREACHABLE_CODE = YES;
				CLANG_WARN__DUPLICATE_METHOD_MATCH = YES;
				"CODE_SIGN_IDENTITY[sdk=iphoneos*]" = "iPhone Developer";
				COPY_PHASE_STRIP = NO;
				ENABLE_STRICT_OBJC_MSGSEND = YES;
				GCC_C_LANGUAGE_STANDARD = gnu99;
				GCC_DYNAMIC_NO_PIC = NO;
				GCC_OPTIMIZATION_LEVEL = 0;
				GCC_PREPROCESSOR_DEFINITIONS = (
					"DEBUG=1",
					"$(inherited)",
				);
				GCC_SYMBOLS_PRIVATE_EXTERN = NO;
				GCC_WARN_64_TO_32_BIT_CONVERSION = YES;
				GCC_WARN_ABOUT_RETURN_TYPE = YES_ERROR;
				GCC_WARN_UNDECLARED_SELECTOR = YES;
				GCC_WARN_UNINITIALIZED_AUTOS = YES_AGGRESSIVE;
				GCC_WARN_UNUSED_FUNCTION = YES;
				GCC_WARN_UNUSED_VARIABLE = YES;
				IPHONEOS_DEPLOYMENT_TARGET = 8.1;
				MTL_ENABLE_DEBUG_INFO = YES;
				ONLY_ACTIVE_ARCH = YES;
				SDKROOT = iphoneos;
			};
			name = Debug;
		};
		1641C9421A263D8100378BA4 /* Release */ = {
			isa = XCBuildConfiguration;
			buildSettings = {
				ALWAYS_SEARCH_USER_PATHS = NO;
				CLANG_CXX_LANGUAGE_STANDARD = "gnu++0x";
				CLANG_CXX_LIBRARY = "libc++";
				CLANG_ENABLE_MODULES = YES;
				CLANG_ENABLE_OBJC_ARC = YES;
				CLANG_WARN_BOOL_CONVERSION = YES;
				CLANG_WARN_CONSTANT_CONVERSION = YES;
				CLANG_WARN_DIRECT_OBJC_ISA_USAGE = YES_ERROR;
				CLANG_WARN_EMPTY_BODY = YES;
				CLANG_WARN_ENUM_CONVERSION = YES;
				CLANG_WARN_INT_CONVERSION = YES;
				CLANG_WARN_OBJC_ROOT_CLASS = YES_ERROR;
				CLANG_WARN_UNREACHABLE_CODE = YES;
				CLANG_WARN__DUPLICATE_METHOD_MATCH = YES;
				"CODE_SIGN_IDENTITY[sdk=iphoneos*]" = "iPhone Developer";
				COPY_PHASE_STRIP = YES;
				ENABLE_NS_ASSERTIONS = NO;
				ENABLE_STRICT_OBJC_MSGSEND = YES;
				GCC_C_LANGUAGE_STANDARD = gnu99;
				GCC_WARN_64_TO_32_BIT_CONVERSION = YES;
				GCC_WARN_ABOUT_RETURN_TYPE = YES_ERROR;
				GCC_WARN_UNDECLARED_SELECTOR = YES;
				GCC_WARN_UNINITIALIZED_AUTOS = YES_AGGRESSIVE;
				GCC_WARN_UNUSED_FUNCTION = YES;
				GCC_WARN_UNUSED_VARIABLE = YES;
				IPHONEOS_DEPLOYMENT_TARGET = 8.1;
				MTL_ENABLE_DEBUG_INFO = NO;
				SDKROOT = iphoneos;
				VALIDATE_PRODUCT = YES;
			};
			name = Release;
		};
		1641C9441A263D8100378BA4 /* Debug */ = {
			isa = XCBuildConfiguration;
			buildSettings = {
				ASSETCATALOG_COMPILER_APPICON_NAME = AppIcon;
				CLANG_ENABLE_MODULES = YES;
				INFOPLIST_FILE = AlbatrossGolf/Info.plist;
				LD_RUNPATH_SEARCH_PATHS = "$(inherited) @executable_path/Frameworks";
				PRODUCT_NAME = "$(TARGET_NAME)";
				SWIFT_OBJC_BRIDGING_HEADER = "AlbatrossGolf/AlbatrossGolf-Bridging-Header.h";
				SWIFT_OPTIMIZATION_LEVEL = "-Onone";
			};
			name = Debug;
		};
		1641C9451A263D8100378BA4 /* Release */ = {
			isa = XCBuildConfiguration;
			buildSettings = {
				ASSETCATALOG_COMPILER_APPICON_NAME = AppIcon;
				CLANG_ENABLE_MODULES = YES;
				INFOPLIST_FILE = AlbatrossGolf/Info.plist;
				LD_RUNPATH_SEARCH_PATHS = "$(inherited) @executable_path/Frameworks";
				PRODUCT_NAME = "$(TARGET_NAME)";
				SWIFT_OBJC_BRIDGING_HEADER = "AlbatrossGolf/AlbatrossGolf-Bridging-Header.h";
			};
			name = Release;
		};
		1641C9471A263D8100378BA4 /* Debug */ = {
			isa = XCBuildConfiguration;
			buildSettings = {
				BUNDLE_LOADER = "$(TEST_HOST)";
				FRAMEWORK_SEARCH_PATHS = (
					"$(SDKROOT)/Developer/Library/Frameworks",
					"$(inherited)",
				);
				GCC_PREPROCESSOR_DEFINITIONS = (
					"DEBUG=1",
					"$(inherited)",
				);
				INFOPLIST_FILE = AlbatrossGolfTests/Info.plist;
				LD_RUNPATH_SEARCH_PATHS = "$(inherited) @executable_path/Frameworks @loader_path/Frameworks";
				PRODUCT_NAME = "$(TARGET_NAME)";
				TEST_HOST = "$(BUILT_PRODUCTS_DIR)/AlbatrossGolf.app/AlbatrossGolf";
			};
			name = Debug;
		};
		1641C9481A263D8100378BA4 /* Release */ = {
			isa = XCBuildConfiguration;
			buildSettings = {
				BUNDLE_LOADER = "$(TEST_HOST)";
				FRAMEWORK_SEARCH_PATHS = (
					"$(SDKROOT)/Developer/Library/Frameworks",
					"$(inherited)",
				);
				INFOPLIST_FILE = AlbatrossGolfTests/Info.plist;
				LD_RUNPATH_SEARCH_PATHS = "$(inherited) @executable_path/Frameworks @loader_path/Frameworks";
				PRODUCT_NAME = "$(TARGET_NAME)";
				TEST_HOST = "$(BUILT_PRODUCTS_DIR)/AlbatrossGolf.app/AlbatrossGolf";
			};
			name = Release;
		};
/* End XCBuildConfiguration section */

/* Begin XCConfigurationList section */
		1641C9181A263D8000378BA4 /* Build configuration list for PBXProject "AlbatrossGolf" */ = {
			isa = XCConfigurationList;
			buildConfigurations = (
				1641C9411A263D8100378BA4 /* Debug */,
				1641C9421A263D8100378BA4 /* Release */,
			);
			defaultConfigurationIsVisible = 0;
			defaultConfigurationName = Release;
		};
		1641C9431A263D8100378BA4 /* Build configuration list for PBXNativeTarget "AlbatrossGolf" */ = {
			isa = XCConfigurationList;
			buildConfigurations = (
				1641C9441A263D8100378BA4 /* Debug */,
				1641C9451A263D8100378BA4 /* Release */,
			);
			defaultConfigurationIsVisible = 0;
			defaultConfigurationName = Release;
		};
		1641C9461A263D8100378BA4 /* Build configuration list for PBXNativeTarget "AlbatrossGolfTests" */ = {
			isa = XCConfigurationList;
			buildConfigurations = (
				1641C9471A263D8100378BA4 /* Debug */,
				1641C9481A263D8100378BA4 /* Release */,
			);
			defaultConfigurationIsVisible = 0;
			defaultConfigurationName = Release;
		};
/* End XCConfigurationList section */

/* Begin XCVersionGroup section */
		1641C9271A263D8000378BA4 /* AlbatrossGolf.xcdatamodeld */ = {
			isa = XCVersionGroup;
			children = (
				1641C9281A263D8000378BA4 /* AlbatrossGolf.xcdatamodel */,
			);
			currentVersion = 1641C9281A263D8000378BA4 /* AlbatrossGolf.xcdatamodel */;
			path = AlbatrossGolf.xcdatamodeld;
			sourceTree = "<group>";
			versionGroupType = wrapper.xcdatamodel;
		};
/* End XCVersionGroup section */
	};
	rootObject = 1641C9151A263D8000378BA4 /* Project object */;
}
